{
	"name": "@onism/image-slice-loader",
	"version": "0.0.2",
	"lockfileVersion": 1,
	"requires": true,
	"dependencies": {
		"@types/json-schema": {
			"version": "7.0.9",
			"resolved": "https://registry.nlark.com/@types/json-schema/download/@types/json-schema-7.0.9.tgz",
			"integrity": "sha1-l+3JA36gw4WFMgsolk3eOznkZg0="
		},
		"ajv": {
			"version": "6.12.6",
			"resolved": "https://registry.nlark.com/ajv/download/ajv-6.12.6.tgz",
			"integrity": "sha1-uvWmLoArB9l3A0WG+MO69a3ybfQ=",
			"requires": {
				"fast-deep-equal": "^3.1.1",
				"fast-json-stable-stringify": "^2.0.0",
				"json-schema-traverse": "^0.4.1",
				"uri-js": "^4.2.2"
			}
		},
		"ajv-keywords": {
			"version": "3.5.2",
			"resolved": "https://registry.npm.taobao.org/ajv-keywords/download/ajv-keywords-3.5.2.tgz?cache=0&sync_timestamp=1616882441894&other_urls=https%3A%2F%2Fregistry.npm.taobao.org%2Fajv-keywords%2Fdownload%2Fajv-keywords-3.5.2.tgz",
			"integrity": "sha1-MfKdpatuANHC0yms97WSlhTVAU0="
		},
		"ansi-regex": {
			"version": "2.1.1",
			"resolved": "https://registry.nlark.com/ansi-regex/download/ansi-regex-2.1.1.tgz?cache=0&sync_timestamp=1631306407577&other_urls=https%3A%2F%2Fregistry.nlark.com%2Fansi-regex%2Fdownload%2Fansi-regex-2.1.1.tgz",
			"integrity": "sha1-w7M6te42DYbg5ijwRorn7yfWVN8="
		},
		"aproba": {
			"version": "1.2.0",
			"resolved": "https://registry.npm.taobao.org/aproba/download/aproba-1.2.0.tgz",
			"integrity": "sha1-aALmJk79GMeQobDVF/DyYnvyyUo="
		},
		"are-we-there-yet": {
			"version": "1.1.7",
			"resolved": "https://registry.nlark.com/are-we-there-yet/download/are-we-there-yet-1.1.7.tgz",
			"integrity": "sha1-sVR0qTKtq0/4pQ2a36fk6SbyEUY=",
			"requires": {
				"delegates": "^1.0.0",
				"readable-stream": "^2.0.6"
			}
		},
		"base64-js": {
			"version": "1.5.1",
			"resolved": "https://registry.npm.taobao.org/base64-js/download/base64-js-1.5.1.tgz?cache=0&sync_timestamp=1605123644489&other_urls=https%3A%2F%2Fregistry.npm.taobao.org%2Fbase64-js%2Fdownload%2Fbase64-js-1.5.1.tgz",
			"integrity": "sha1-GxtEAWClv3rUC2UPCVljSBkDkwo="
		},
		"big.js": {
			"version": "5.2.2",
			"resolved": "https://registry.nlark.com/big.js/download/big.js-5.2.2.tgz",
			"integrity": "sha1-ZfCvOC9Xi83HQr2cKB6cstd2gyg="
		},
		"bl": {
			"version": "4.1.0",
			"resolved": "https://registry.npm.taobao.org/bl/download/bl-4.1.0.tgz",
			"integrity": "sha1-RRU1JkGCvsL7vIOmKrmM8R2fezo=",
			"requires": {
				"buffer": "^5.5.0",
				"inherits": "^2.0.4",
				"readable-stream": "^3.4.0"
			},
			"dependencies": {
				"readable-stream": {
					"version": "3.6.0",
					"resolved": "https://registry.npm.taobao.org/readable-stream/download/readable-stream-3.6.0.tgz",
					"integrity": "sha1-M3u9o63AcGvT4CRCaihtS0sskZg=",
					"requires": {
						"inherits": "^2.0.3",
						"string_decoder": "^1.1.1",
						"util-deprecate": "^1.0.1"
					}
				}
			}
		},
		"buffer": {
			"version": "5.7.1",
			"resolved": "https://registry.npm.taobao.org/buffer/download/buffer-5.7.1.tgz?cache=0&sync_timestamp=1606098138997&other_urls=https%3A%2F%2Fregistry.npm.taobao.org%2Fbuffer%2Fdownload%2Fbuffer-5.7.1.tgz",
			"integrity": "sha1-umLnwTEzBTWCGXFghRqPZI6Z7tA=",
			"requires": {
				"base64-js": "^1.3.1",
				"ieee754": "^1.1.13"
			}
		},
		"chownr": {
			"version": "1.1.4",
			"resolved": "https://registry.npm.taobao.org/chownr/download/chownr-1.1.4.tgz",
			"integrity": "sha1-b8nXtC0ypYNZYzdmbn0ICE2izGs="
		},
		"code-point-at": {
			"version": "1.1.0",
			"resolved": "https://registry.npm.taobao.org/code-point-at/download/code-point-at-1.1.0.tgz",
			"integrity": "sha1-DQcLTQQ6W+ozovGkDi7bPZpMz3c="
		},
		"color": {
			"version": "4.0.1",
			"resolved": "https://registry.nlark.com/color/download/color-4.0.1.tgz?cache=0&sync_timestamp=1628104554905&other_urls=https%3A%2F%2Fregistry.nlark.com%2Fcolor%2Fdownload%2Fcolor-4.0.1.tgz",
			"integrity": "sha1-Id9EzRAkWpGxzPW6AxYJsOEOfWc=",
			"requires": {
				"color-convert": "^2.0.1",
				"color-string": "^1.6.0"
			}
		},
		"color-convert": {
			"version": "2.0.1",
			"resolved": "https://registry.npm.taobao.org/color-convert/download/color-convert-2.0.1.tgz?cache=0&sync_timestamp=1566248870121&other_urls=https%3A%2F%2Fregistry.npm.taobao.org%2Fcolor-convert%2Fdownload%2Fcolor-convert-2.0.1.tgz",
			"integrity": "sha1-ctOmjVmMm9s68q0ehPIdiWq9TeM=",
			"requires": {
				"color-name": "~1.1.4"
			}
		},
		"color-name": {
			"version": "1.1.4",
			"resolved": "https://registry.npm.taobao.org/color-name/download/color-name-1.1.4.tgz",
			"integrity": "sha1-wqCah6y95pVD3m9j+jmVyCbFNqI="
		},
		"color-string": {
			"version": "1.6.0",
			"resolved": "https://registry.nlark.com/color-string/download/color-string-1.6.0.tgz?cache=0&other_urls=https%3A%2F%2Fregistry.nlark.com%2Fcolor-string%2Fdownload%2Fcolor-string-1.6.0.tgz",
			"integrity": "sha1-w5FfYf4mdnLLfh4GTJ1pIhn2wxI=",
			"requires": {
				"color-name": "^1.0.0",
				"simple-swizzle": "^0.2.2"
			}
		},
		"colorette": {
			"version": "1.4.0",
			"resolved": "https://registry.nlark.com/colorette/download/colorette-1.4.0.tgz?cache=0&other_urls=https%3A%2F%2Fregistry.nlark.com%2Fcolorette%2Fdownload%2Fcolorette-1.4.0.tgz",
			"integrity": "sha1-UZD7uHJ2JZqGrXAL/yxtb6o/ykA="
		},
		"commondir": {
			"version": "1.0.1",
			"resolved": "https://registry.npm.taobao.org/commondir/download/commondir-1.0.1.tgz",
			"integrity": "sha1-3dgA2gxmEnOTzKWVDqloo6rxJTs="
		},
		"console-control-strings": {
			"version": "1.1.0",
			"resolved": "https://registry.npm.taobao.org/console-control-strings/download/console-control-strings-1.1.0.tgz",
			"integrity": "sha1-PXz0Rk22RG6mRL9LOVB/mFEAjo4="
		},
		"core-util-is": {
			"version": "1.0.3",
			"resolved": "https://registry.nlark.com/core-util-is/download/core-util-is-1.0.3.tgz?cache=0&other_urls=https%3A%2F%2Fregistry.nlark.com%2Fcore-util-is%2Fdownload%2Fcore-util-is-1.0.3.tgz",
			"integrity": "sha1-pgQtNjTCsn6TKPg3uWX6yDgI24U="
		},
		"decompress-response": {
			"version": "4.2.1",
			"resolved": "https://registry.npm.taobao.org/decompress-response/download/decompress-response-4.2.1.tgz?cache=0&other_urls=https%3A%2F%2Fregistry.npm.taobao.org%2Fdecompress-response%2Fdownload%2Fdecompress-response-4.2.1.tgz",
			"integrity": "sha1-QUAjzHowLaJc4uyC0NUjjMr9iYY=",
			"requires": {
				"mimic-response": "^2.0.0"
			}
		},
		"deep-extend": {
			"version": "0.6.0",
			"resolved": "https://registry.npm.taobao.org/deep-extend/download/deep-extend-0.6.0.tgz",
			"integrity": "sha1-xPp8lUBKF6nD6Mp+FTcxK3NjMKw="
		},
		"delegates": {
			"version": "1.0.0",
			"resolved": "https://registry.npm.taobao.org/delegates/download/delegates-1.0.0.tgz",
			"integrity": "sha1-hMbhWbgZBP3KWaDvRM2HDTElD5o="
		},
		"detect-libc": {
			"version": "1.0.3",
			"resolved": "https://registry.npm.taobao.org/detect-libc/download/detect-libc-1.0.3.tgz",
			"integrity": "sha1-+hN8S9aY7fVc1c0CrFWfkaTEups="
		},
		"emojis-list": {
			"version": "3.0.0",
			"resolved": "https://registry.npm.taobao.org/emojis-list/download/emojis-list-3.0.0.tgz",
			"integrity": "sha1-VXBmIEatKeLpFucariYKvf9Pang="
		},
		"end-of-stream": {
			"version": "1.4.4",
			"resolved": "https://registry.npm.taobao.org/end-of-stream/download/end-of-stream-1.4.4.tgz?cache=0&sync_timestamp=1569416367473&other_urls=https%3A%2F%2Fregistry.npm.taobao.org%2Fend-of-stream%2Fdownload%2Fend-of-stream-1.4.4.tgz",
			"integrity": "sha1-WuZKX0UFe682JuwU2gyl5LJDHrA=",
			"requires": {
				"once": "^1.4.0"
			}
		},
		"expand-template": {
			"version": "2.0.3",
			"resolved": "https://registry.npm.taobao.org/expand-template/download/expand-template-2.0.3.tgz",
			"integrity": "sha1-bhSz/O4POmNA7LV9LokYaSBSpHw="
		},
		"fast-deep-equal": {
			"version": "3.1.3",
			"resolved": "https://registry.npm.taobao.org/fast-deep-equal/download/fast-deep-equal-3.1.3.tgz?cache=0&sync_timestamp=1591599759937&other_urls=https%3A%2F%2Fregistry.npm.taobao.org%2Ffast-deep-equal%2Fdownload%2Ffast-deep-equal-3.1.3.tgz",
			"integrity": "sha1-On1WtVnWy8PrUSMlJE5hmmXGxSU="
		},
		"fast-json-stable-stringify": {
			"version": "2.1.0",
			"resolved": "https://registry.npm.taobao.org/fast-json-stable-stringify/download/fast-json-stable-stringify-2.1.0.tgz",
			"integrity": "sha1-h0v2nG9ATCtdmcSBNBOZ/VWJJjM="
		},
		"find-cache-dir": {
			"version": "3.3.2",
			"resolved": "https://registry.nlark.com/find-cache-dir/download/find-cache-dir-3.3.2.tgz",
			"integrity": "sha1-swxbbv8HMHMa6pu9nb7L2AJW1ks=",
			"requires": {
				"commondir": "^1.0.1",
				"make-dir": "^3.0.2",
				"pkg-dir": "^4.1.0"
			}
		},
		"find-up": {
			"version": "4.1.0",
			"resolved": "https://registry.nlark.com/find-up/download/find-up-4.1.0.tgz?cache=0&other_urls=https%3A%2F%2Fregistry.nlark.com%2Ffind-up%2Fdownload%2Ffind-up-4.1.0.tgz",
			"integrity": "sha1-l6/n1s3AvFkoWEt8jXsW6KmqXRk=",
			"requires": {
				"locate-path": "^5.0.0",
				"path-exists": "^4.0.0"
			}
		},
		"fs-constants": {
			"version": "1.0.0",
			"resolved": "https://registry.npm.taobao.org/fs-constants/download/fs-constants-1.0.0.tgz",
			"integrity": "sha1-a+Dem+mYzhavivwkSXue6bfM2a0="
		},
		"fs-extra": {
			"version": "10.0.0",
			"resolved": "https://registry.nlark.com/fs-extra/download/fs-extra-10.0.0.tgz",
			"integrity": "sha1-n/YbZV3eU/s0qC34S7IUzoAuF8E=",
			"requires": {
				"graceful-fs": "^4.2.0",
				"jsonfile": "^6.0.1",
				"universalify": "^2.0.0"
			}
		},
		"gauge": {
			"version": "2.7.4",
			"resolved": "https://registry.nlark.com/gauge/download/gauge-2.7.4.tgz?cache=0&sync_timestamp=1627307755867&other_urls=https%3A%2F%2Fregistry.nlark.com%2Fgauge%2Fdownload%2Fgauge-2.7.4.tgz",
			"integrity": "sha1-LANAXHU4w51+s3sxcCLjJfsBi/c=",
			"requires": {
				"aproba": "^1.0.3",
				"console-control-strings": "^1.0.0",
				"has-unicode": "^2.0.0",
				"object-assign": "^4.1.0",
				"signal-exit": "^3.0.0",
				"string-width": "^1.0.1",
				"strip-ansi": "^3.0.1",
				"wide-align": "^1.1.0"
			}
		},
		"github-from-package": {
			"version": "0.0.0",
			"resolved": "https://registry.npm.taobao.org/github-from-package/download/github-from-package-0.0.0.tgz",
			"integrity": "sha1-l/tdlr/eiXMxPyDoKI75oWf6ZM4="
		},
		"graceful-fs": {
			"version": "4.2.8",
			"resolved": "https://registry.nlark.com/graceful-fs/download/graceful-fs-4.2.8.tgz",
			"integrity": "sha1-5BK40z9eAGWTy9PO5t+fLOu+gCo="
		},
		"has-unicode": {
			"version": "2.0.1",
			"resolved": "https://registry.npm.taobao.org/has-unicode/download/has-unicode-2.0.1.tgz",
			"integrity": "sha1-4Ob+aijPUROIVeCG0Wkedx3iqLk="
		},
		"ieee754": {
			"version": "1.2.1",
			"resolved": "https://registry.npm.taobao.org/ieee754/download/ieee754-1.2.1.tgz",
			"integrity": "sha1-jrehCmP/8l0VpXsAFYbRd9Gw01I="
		},
		"image-size": {
			"version": "1.0.0",
			"resolved": "https://registry.nlark.com/image-size/download/image-size-1.0.0.tgz",
			"integrity": "sha1-WLMf5HQ7HOwKCsJvXJFNPFsvB1A=",
			"requires": {
				"queue": "6.0.2"
			}
		},
		"inherits": {
			"version": "2.0.4",
			"resolved": "https://registry.npm.taobao.org/inherits/download/inherits-2.0.4.tgz?cache=0&sync_timestamp=1560975547815&other_urls=https%3A%2F%2Fregistry.npm.taobao.org%2Finherits%2Fdownload%2Finherits-2.0.4.tgz",
			"integrity": "sha1-D6LGT5MpF8NDOg3tVTY6rjdBa3w="
		},
		"ini": {
			"version": "1.3.8",
			"resolved": "https://registry.npm.taobao.org/ini/download/ini-1.3.8.tgz",
			"integrity": "sha1-op2kJbSIBvNHZ6Tvzjlyaa8oQyw="
		},
		"is-arrayish": {
			"version": "0.3.2",
			"resolved": "https://registry.npm.taobao.org/is-arrayish/download/is-arrayish-0.3.2.tgz",
			"integrity": "sha1-RXSirlb3qyBolvtDHq7tBm/fjwM="
		},
		"is-fullwidth-code-point": {
			"version": "1.0.0",
			"resolved": "https://registry.npm.taobao.org/is-fullwidth-code-point/download/is-fullwidth-code-point-1.0.0.tgz?cache=0&sync_timestamp=1618552489864&other_urls=https%3A%2F%2Fregistry.npm.taobao.org%2Fis-fullwidth-code-point%2Fdownload%2Fis-fullwidth-code-point-1.0.0.tgz",
			"integrity": "sha1-754xOG8DGn8NZDr4L95QxFfvAMs=",
			"requires": {
				"number-is-nan": "^1.0.0"
			}
		},
		"isarray": {
			"version": "1.0.0",
			"resolved": "https://registry.npm.taobao.org/isarray/download/isarray-1.0.0.tgz?cache=0&sync_timestamp=1562592096220&other_urls=https%3A%2F%2Fregistry.npm.taobao.org%2Fisarray%2Fdownload%2Fisarray-1.0.0.tgz",
			"integrity": "sha1-u5NdSFgsuhaMBoNJV6VKPgcSTxE="
		},
		"json-schema-traverse": {
			"version": "0.4.1",
			"resolved": "https://registry.npm.taobao.org/json-schema-traverse/download/json-schema-traverse-0.4.1.tgz",
			"integrity": "sha1-afaofZUTq4u4/mO9sJecRI5oRmA="
		},
		"json5": {
			"version": "2.2.0",
			"resolved": "https://registry.npm.taobao.org/json5/download/json5-2.2.0.tgz",
			"integrity": "sha1-Lf7+cgxrpSXZ69kJlQ8FFTFsiaM=",
			"requires": {
				"minimist": "^1.2.5"
			}
		},
		"jsonfile": {
			"version": "6.1.0",
			"resolved": "https://registry.npm.taobao.org/jsonfile/download/jsonfile-6.1.0.tgz?cache=0&sync_timestamp=1604162147908&other_urls=https%3A%2F%2Fregistry.npm.taobao.org%2Fjsonfile%2Fdownload%2Fjsonfile-6.1.0.tgz",
			"integrity": "sha1-vFWyY0eTxnnsZAMJTrE2mKbsCq4=",
			"requires": {
				"graceful-fs": "^4.1.6",
				"universalify": "^2.0.0"
			}
		},
		"loader-utils": {
			"version": "2.0.0",
			"resolved": "https://registry.nlark.com/loader-utils/download/loader-utils-2.0.0.tgz",
			"integrity": "sha1-5MrOW4FtQloWa18JfhDNErNgZLA=",
			"requires": {
				"big.js": "^5.2.2",
				"emojis-list": "^3.0.0",
				"json5": "^2.1.2"
			}
		},
		"locate-path": {
			"version": "5.0.0",
			"resolved": "https://registry.nlark.com/locate-path/download/locate-path-5.0.0.tgz",
			"integrity": "sha1-Gvujlq/WdqbUJQTQpno6frn2KqA=",
			"requires": {
				"p-locate": "^4.1.0"
			}
		},
		"lru-cache": {
			"version": "6.0.0",
			"resolved": "https://registry.npm.taobao.org/lru-cache/download/lru-cache-6.0.0.tgz",
			"integrity": "sha1-bW/mVw69lqr5D8rR2vo7JWbbOpQ=",
			"requires": {
				"yallist": "^4.0.0"
			}
		},
		"make-dir": {
			"version": "3.1.0",
			"resolved": "https://registry.npm.taobao.org/make-dir/download/make-dir-3.1.0.tgz?cache=0&sync_timestamp=1587567576732&other_urls=https%3A%2F%2Fregistry.npm.taobao.org%2Fmake-dir%2Fdownload%2Fmake-dir-3.1.0.tgz",
			"integrity": "sha1-QV6WcEazp/HRhSd9hKpYIDcmoT8=",
			"requires": {
				"semver": "^6.0.0"
			}
		},
		"mimic-response": {
			"version": "2.1.0",
			"resolved": "https://registry.nlark.com/mimic-response/download/mimic-response-2.1.0.tgz",
			"integrity": "sha1-0Tdj019hPQnsN+uzC6wEacDuj0M="
		},
		"minimist": {
			"version": "1.2.5",
			"resolved": "https://registry.npm.taobao.org/minimist/download/minimist-1.2.5.tgz",
			"integrity": "sha1-Z9ZgFLZqaoqqDAg8X9WN9OTpdgI="
		},
		"mkdirp-classic": {
			"version": "0.5.3",
			"resolved": "https://registry.npm.taobao.org/mkdirp-classic/download/mkdirp-classic-0.5.3.tgz",
			"integrity": "sha1-+hDJEVzG2IZb4iG6R+6b7XhgERM="
		},
		"nanoid": {
			"version": "3.1.25",
			"resolved": "https://registry.nlark.com/nanoid/download/nanoid-3.1.25.tgz?cache=0&sync_timestamp=1628771965808&other_urls=https%3A%2F%2Fregistry.nlark.com%2Fnanoid%2Fdownload%2Fnanoid-3.1.25.tgz",
			"integrity": "sha1-CcoydHwOVD8OGBS303k0d/nI4VI="
		},
		"napi-build-utils": {
			"version": "1.0.2",
			"resolved": "https://registry.npm.taobao.org/napi-build-utils/download/napi-build-utils-1.0.2.tgz",
			"integrity": "sha1-sf3cCyxG44Cgt6dvmE3UfEGhOAY="
		},
		"node-abi": {
			"version": "2.30.1",
			"resolved": "https://registry.nlark.com/node-abi/download/node-abi-2.30.1.tgz",
			"integrity": "sha1-xDfUsf4OKFqvKQ1FtF1Nev7axM8=",
			"requires": {
				"semver": "^5.4.1"
			},
			"dependencies": {
				"semver": {
					"version": "5.7.1",
					"resolved": "https://registry.npm.taobao.org/semver/download/semver-5.7.1.tgz",
					"integrity": "sha1-qVT5Ma66UI0we78Gnv8MAclhFvc="
				}
			}
		},
		"node-addon-api": {
			"version": "4.1.0",
			"resolved": "https://registry.nlark.com/node-addon-api/download/node-addon-api-4.1.0.tgz",
			"integrity": "sha1-8XIvH2B5NYRjL//7eeEsoELEi9A="
		},
		"npmlog": {
			"version": "4.1.2",
			"resolved": "https://registry.nlark.com/npmlog/download/npmlog-4.1.2.tgz",
			"integrity": "sha1-CKfyqL9zRgR3mp76StXMcXq7lUs=",
			"requires": {
				"are-we-there-yet": "~1.1.2",
				"console-control-strings": "~1.1.0",
				"gauge": "~2.7.3",
				"set-blocking": "~2.0.0"
			}
		},
		"number-is-nan": {
			"version": "1.0.1",
			"resolved": "https://registry.npm.taobao.org/number-is-nan/download/number-is-nan-1.0.1.tgz?cache=0&sync_timestamp=1617776318557&other_urls=https%3A%2F%2Fregistry.npm.taobao.org%2Fnumber-is-nan%2Fdownload%2Fnumber-is-nan-1.0.1.tgz",
			"integrity": "sha1-CXtgK1NCKlIsGvuHkDGDNpQaAR0="
		},
		"object-assign": {
			"version": "4.1.1",
			"resolved": "https://registry.npm.taobao.org/object-assign/download/object-assign-4.1.1.tgz",
			"integrity": "sha1-IQmtx5ZYh8/AXLvUQsrIv7s2CGM="
		},
		"once": {
			"version": "1.4.0",
			"resolved": "https://registry.npm.taobao.org/once/download/once-1.4.0.tgz",
			"integrity": "sha1-WDsap3WWHUsROsF9nFC6753Xa9E=",
			"requires": {
				"wrappy": "1"
			}
		},
		"p-limit": {
			"version": "2.3.0",
			"resolved": "https://registry.nlark.com/p-limit/download/p-limit-2.3.0.tgz?cache=0&sync_timestamp=1628813916837&other_urls=https%3A%2F%2Fregistry.nlark.com%2Fp-limit%2Fdownload%2Fp-limit-2.3.0.tgz",
			"integrity": "sha1-PdM8ZHohT9//2DWTPrCG2g3CHbE=",
			"requires": {
				"p-try": "^2.0.0"
			}
		},
		"p-locate": {
			"version": "4.1.0",
			"resolved": "https://registry.nlark.com/p-locate/download/p-locate-4.1.0.tgz?cache=0&sync_timestamp=1629892721671&other_urls=https%3A%2F%2Fregistry.nlark.com%2Fp-locate%2Fdownload%2Fp-locate-4.1.0.tgz",
			"integrity": "sha1-o0KLtwiLOmApL2aRkni3wpetTwc=",
			"requires": {
				"p-limit": "^2.2.0"
			}
		},
		"p-try": {
			"version": "2.2.0",
			"resolved": "https://registry.npm.taobao.org/p-try/download/p-try-2.2.0.tgz",
			"integrity": "sha1-yyhoVA4xPWHeWPr741zpAE1VQOY="
		},
		"path-exists": {
			"version": "4.0.0",
			"resolved": "https://registry.nlark.com/path-exists/download/path-exists-4.0.0.tgz?cache=0&sync_timestamp=1628765098980&other_urls=https%3A%2F%2Fregistry.nlark.com%2Fpath-exists%2Fdownload%2Fpath-exists-4.0.0.tgz",
			"integrity": "sha1-UTvb4tO5XXdi6METfvoZXGxhtbM="
		},
		"pkg-dir": {
			"version": "4.2.0",
			"resolved": "https://registry.npm.taobao.org/pkg-dir/download/pkg-dir-4.2.0.tgz?cache=0&sync_timestamp=1602858993640&other_urls=https%3A%2F%2Fregistry.npm.taobao.org%2Fpkg-dir%2Fdownload%2Fpkg-dir-4.2.0.tgz",
			"integrity": "sha1-8JkTPfft5CLoHR2ESCcO6z5CYfM=",
			"requires": {
				"find-up": "^4.0.0"
			}
		},
		"postcss": {
			"version": "8.3.6",
			"resolved": "https://registry.nlark.com/postcss/download/postcss-8.3.6.tgz?cache=0&sync_timestamp=1626883239868&other_urls=https%3A%2F%2Fregistry.nlark.com%2Fpostcss%2Fdownload%2Fpostcss-8.3.6.tgz",
			"integrity": "sha1-JzDddql5afN/U7mmCWGXvjEcxOo=",
			"requires": {
				"colorette": "^1.2.2",
				"nanoid": "^3.1.23",
				"source-map-js": "^0.6.2"
			}
		},
		"prebuild-install": {
			"version": "6.1.4",
			"resolved": "https://registry.nlark.com/prebuild-install/download/prebuild-install-6.1.4.tgz?cache=0&sync_timestamp=1628702928995&other_urls=https%3A%2F%2Fregistry.nlark.com%2Fprebuild-install%2Fdownload%2Fprebuild-install-6.1.4.tgz",
			"integrity": "sha1-rjwBQq1hHVhXC4mvSYYIikk34A8=",
			"requires": {
				"detect-libc": "^1.0.3",
				"expand-template": "^2.0.3",
				"github-from-package": "0.0.0",
				"minimist": "^1.2.3",
				"mkdirp-classic": "^0.5.3",
				"napi-build-utils": "^1.0.1",
				"node-abi": "^2.21.0",
				"npmlog": "^4.0.1",
				"pump": "^3.0.0",
				"rc": "^1.2.7",
				"simple-get": "^3.0.3",
				"tar-fs": "^2.0.0",
				"tunnel-agent": "^0.6.0"
			}
		},
		"process-nextick-args": {
			"version": "2.0.1",
			"resolved": "https://registry.npm.taobao.org/process-nextick-args/download/process-nextick-args-2.0.1.tgz",
			"integrity": "sha1-eCDZsWEgzFXKmud5JoCufbptf+I="
		},
		"pump": {
			"version": "3.0.0",
			"resolved": "https://registry.npm.taobao.org/pump/download/pump-3.0.0.tgz",
			"integrity": "sha1-tKIRaBW94vTh6mAjVOjHVWUQemQ=",
			"requires": {
				"end-of-stream": "^1.1.0",
				"once": "^1.3.1"
			}
		},
		"punycode": {
			"version": "2.1.1",
			"resolved": "https://registry.npm.taobao.org/punycode/download/punycode-2.1.1.tgz",
			"integrity": "sha1-tYsBCsQMIsVldhbI0sLALHv0eew="
		},
		"queue": {
			"version": "6.0.2",
			"resolved": "https://registry.nlark.com/queue/download/queue-6.0.2.tgz",
			"integrity": "sha1-uRUlKD4jFcdVPS76GNg+dkMv7WU=",
			"requires": {
				"inherits": "~2.0.3"
			}
		},
		"rc": {
			"version": "1.2.8",
			"resolved": "https://registry.npm.taobao.org/rc/download/rc-1.2.8.tgz",
			"integrity": "sha1-zZJL9SAKB1uDwYjNa54hG3/A0+0=",
			"requires": {
				"deep-extend": "^0.6.0",
				"ini": "~1.3.0",
				"minimist": "^1.2.0",
				"strip-json-comments": "~2.0.1"
			}
		},
		"readable-stream": {
			"version": "2.3.7",
			"resolved": "https://registry.npm.taobao.org/readable-stream/download/readable-stream-2.3.7.tgz",
			"integrity": "sha1-Hsoc9xGu+BTAT2IlKjamL2yyO1c=",
			"requires": {
				"core-util-is": "~1.0.0",
				"inherits": "~2.0.3",
				"isarray": "~1.0.0",
				"process-nextick-args": "~2.0.0",
				"safe-buffer": "~5.1.1",
				"string_decoder": "~1.1.1",
				"util-deprecate": "~1.0.1"
			}
		},
		"safe-buffer": {
			"version": "5.1.2",
			"resolved": "https://registry.npm.taobao.org/safe-buffer/download/safe-buffer-5.1.2.tgz",
			"integrity": "sha1-mR7GnSluAxN0fVm9/St0XDX4go0="
		},
		"schema-utils": {
			"version": "3.1.1",
			"resolved": "https://registry.nlark.com/schema-utils/download/schema-utils-3.1.1.tgz",
			"integrity": "sha1-vHTEtraZXB2I92qLd76nIZ4MgoE=",
			"requires": {
				"@types/json-schema": "^7.0.8",
				"ajv": "^6.12.5",
				"ajv-keywords": "^3.5.2"
			}
		},
		"semver": {
			"version": "6.3.0",
			"resolved": "https://registry.npm.taobao.org/semver/download/semver-6.3.0.tgz",
			"integrity": "sha1-7gpkyK9ejO6mdoexM3YeG+y9HT0="
		},
		"set-blocking": {
			"version": "2.0.0",
			"resolved": "https://registry.npm.taobao.org/set-blocking/download/set-blocking-2.0.0.tgz",
			"integrity": "sha1-BF+XgtARrppoA93TgrJDkrPYkPc="
		},
		"sharp": {
			"version": "0.29.1",
			"resolved": "https://registry.nlark.com/sharp/download/sharp-0.29.1.tgz",
			"integrity": "sha1-9gtQ8k85lGSiQYfIa9LaQarlC4U=",
			"requires": {
				"color": "^4.0.1",
				"detect-libc": "^1.0.3",
				"node-addon-api": "^4.1.0",
				"prebuild-install": "^6.1.4",
				"semver": "^7.3.5",
				"simple-get": "^3.1.0",
				"tar-fs": "^2.1.1",
				"tunnel-agent": "^0.6.0"
			},
			"dependencies": {
				"semver": {
					"version": "7.3.5",
					"resolved": "https://registry.npm.taobao.org/semver/download/semver-7.3.5.tgz",
					"integrity": "sha1-C2Ich5NI2JmOSw5L6Us/EuYBjvc=",
					"requires": {
						"lru-cache": "^6.0.0"
					}
				}
			}
		},
		"signal-exit": {
			"version": "3.0.3",
			"resolved": "https://registry.npm.taobao.org/signal-exit/download/signal-exit-3.0.3.tgz",
			"integrity": "sha1-oUEMLt2PB3sItOJTyOrPyvBXRhw="
		},
		"simple-concat": {
			"version": "1.0.1",
			"resolved": "https://registry.npm.taobao.org/simple-concat/download/simple-concat-1.0.1.tgz",
			"integrity": "sha1-9Gl2CCujXCJj8cirXt/ibEHJVS8="
		},
		"simple-get": {
			"version": "3.1.0",
			"resolved": "https://registry.npm.taobao.org/simple-get/download/simple-get-3.1.0.tgz",
			"integrity": "sha1-tFvgYkNeUNFZVAtXYgLO7EC5xrM=",
			"requires": {
				"decompress-response": "^4.2.0",
				"once": "^1.3.1",
				"simple-concat": "^1.0.0"
			}
		},
		"simple-swizzle": {
			"version": "0.2.2",
			"resolved": "https://registry.npm.taobao.org/simple-swizzle/download/simple-swizzle-0.2.2.tgz",
			"integrity": "sha1-pNprY1/8zMoz9w0Xy5JZLeleVXo=",
			"requires": {
				"is-arrayish": "^0.3.1"
			}
		},
		"source-map-js": {
			"version": "0.6.2",
			"resolved": "https://registry.nlark.com/source-map-js/download/source-map-js-0.6.2.tgz",
			"integrity": "sha1-C7XeYxtBz72mz7qL0FqA79/SOF4="
		},
		"string-width": {
			"version": "1.0.2",
			"resolved": "https://registry.npm.taobao.org/string-width/download/string-width-1.0.2.tgz?cache=0&sync_timestamp=1618558751438&other_urls=https%3A%2F%2Fregistry.npm.taobao.org%2Fstring-width%2Fdownload%2Fstring-width-1.0.2.tgz",
			"integrity": "sha1-EYvfW4zcUaKn5w0hHgfisLmxB9M=",
			"requires": {
				"code-point-at": "^1.0.0",
				"is-fullwidth-code-point": "^1.0.0",
				"strip-ansi": "^3.0.0"
			}
		},
		"string_decoder": {
			"version": "1.1.1",
			"resolved": "https://registry.npm.taobao.org/string_decoder/download/string_decoder-1.1.1.tgz",
			"integrity": "sha1-nPFhG6YmhdcDCunkujQUnDrwP8g=",
			"requires": {
				"safe-buffer": "~5.1.0"
			}
		},
		"strip-ansi": {
			"version": "3.0.1",
			"resolved": "https://registry.nlark.com/strip-ansi/download/strip-ansi-3.0.1.tgz?cache=0&sync_timestamp=1631350457777&other_urls=https%3A%2F%2Fregistry.nlark.com%2Fstrip-ansi%2Fdownload%2Fstrip-ansi-3.0.1.tgz",
			"integrity": "sha1-ajhfuIU9lS1f8F0Oiq+UJ43GPc8=",
			"requires": {
				"ansi-regex": "^2.0.0"
			}
		},
		"strip-json-comments": {
			"version": "2.0.1",
			"resolved": "https://registry.nlark.com/strip-json-comments/download/strip-json-comments-2.0.1.tgz",
			"integrity": "sha1-PFMZQukIwml8DsNEhYwobHygpgo="
		},
		"tar-fs": {
			"version": "2.1.1",
			"resolved": "https://registry.npm.taobao.org/tar-fs/download/tar-fs-2.1.1.tgz",
			"integrity": "sha1-SJoVq4Xx8L76uzcLfeT561y+h4Q=",
			"requires": {
				"chownr": "^1.1.1",
				"mkdirp-classic": "^0.5.2",
				"pump": "^3.0.0",
				"tar-stream": "^2.1.4"
			}
		},
		"tar-stream": {
			"version": "2.2.0",
			"resolved": "https://registry.npm.taobao.org/tar-stream/download/tar-stream-2.2.0.tgz?cache=0&sync_timestamp=1609236328947&other_urls=https%3A%2F%2Fregistry.npm.taobao.org%2Ftar-stream%2Fdownload%2Ftar-stream-2.2.0.tgz",
			"integrity": "sha1-rK2EwoQTawYNw/qmRHSqmuvXcoc=",
			"requires": {
				"bl": "^4.0.3",
				"end-of-stream": "^1.4.1",
				"fs-constants": "^1.0.0",
				"inherits": "^2.0.3",
				"readable-stream": "^3.1.1"
			},
			"dependencies": {
				"readable-stream": {
					"version": "3.6.0",
					"resolved": "https://registry.npm.taobao.org/readable-stream/download/readable-stream-3.6.0.tgz",
					"integrity": "sha1-M3u9o63AcGvT4CRCaihtS0sskZg=",
					"requires": {
						"inherits": "^2.0.3",
						"string_decoder": "^1.1.1",
						"util-deprecate": "^1.0.1"
					}
				}
			}
		},
		"tunnel-agent": {
			"version": "0.6.0",
			"resolved": "https://registry.npm.taobao.org/tunnel-agent/download/tunnel-agent-0.6.0.tgz",
			"integrity": "sha1-J6XeoGs2sEoKmWZ3SykIaPD8QP0=",
			"requires": {
				"safe-buffer": "^5.0.1"
			}
		},
		"universalify": {
			"version": "2.0.0",
			"resolved": "https://registry.npm.taobao.org/universalify/download/universalify-2.0.0.tgz?cache=0&sync_timestamp=1603179971960&other_urls=https%3A%2F%2Fregistry.npm.taobao.org%2Funiversalify%2Fdownload%2Funiversalify-2.0.0.tgz",
			"integrity": "sha1-daSYTv7cSwiXXFrrc/Uw0C3yVxc="
		},
		"uri-js": {
			"version": "4.4.1",
			"resolved": "https://registry.npm.taobao.org/uri-js/download/uri-js-4.4.1.tgz?cache=0&sync_timestamp=1610237624359&other_urls=https%3A%2F%2Fregistry.npm.taobao.org%2Furi-js%2Fdownload%2Furi-js-4.4.1.tgz",
			"integrity": "sha1-mxpSWVIlhZ5V9mnZKPiMbFfyp34=",
			"requires": {
				"punycode": "^2.1.0"
			}
		},
		"util-deprecate": {
			"version": "1.0.2",
			"resolved": "https://registry.npm.taobao.org/util-deprecate/download/util-deprecate-1.0.2.tgz",
			"integrity": "sha1-RQ1Nyfpw3nMnYvvS1KKJgUGaDM8="
		},
		"wide-align": {
			"version": "1.1.3",
			"resolved": "https://registry.npm.taobao.org/wide-align/download/wide-align-1.1.3.tgz",
			"integrity": "sha1-rgdOa9wMFKQx6ATmJFScYzsABFc=",
			"requires": {
				"string-width": "^1.0.2 || 2"
			}
		},
		"wrappy": {
			"version": "1.0.2",
			"resolved": "https://registry.nlark.com/wrappy/download/wrappy-1.0.2.tgz?cache=0&sync_timestamp=1619133505879&other_urls=https%3A%2F%2Fregistry.nlark.com%2Fwrappy%2Fdownload%2Fwrappy-1.0.2.tgz",
			"integrity": "sha1-tSQ9jz7BqjXxNkYFvA0QNuMKtp8="
		},
		"yallist": {
			"version": "4.0.0",
			"resolved": "https://registry.npm.taobao.org/yallist/download/yallist-4.0.0.tgz",
			"integrity": "sha1-m7knkNnA7/7GO+c1GeEaNQGaOnI="
		}
	}
}
