{
	"name": "@onism/build-script",
	"version": "0.0.1",
	"lockfileVersion": 1,
	"requires": true,
	"dependencies": {
		"commander": {
			"version": "8.2.0",
			"resolved": "https://registry.nlark.com/commander/download/commander-8.2.0.tgz?cache=0&sync_timestamp=1631257258846&other_urls=https%3A%2F%2Fregistry.nlark.com%2Fcommander%2Fdownload%2Fcommander-8.2.0.tgz",
			"integrity": "sha1-N/4r3jAdh9R6U63v+LWRXbE4HKg="
		}
	}
}
