{
	"name": "@onism/webpack-css-image-base",
	"version": "0.0.4",
	"lockfileVersion": 2,
	"requires": true,
	"packages": {
		"": {
			"name": "@onism/webpack-css-image-base",
			"version": "0.0.4",
			"license": "MIT",
			"dependencies": {
				"fs-extra": "^10.0.0",
				"loader-utils": "^2.0.0",
				"postcss": "^8.3.6"
			}
		},
		"node_modules/big.js": {
			"version": "5.2.2",
			"resolved": "https://registry.nlark.com/big.js/download/big.js-5.2.2.tgz",
			"integrity": "sha1-ZfCvOC9Xi83HQr2cKB6cstd2gyg=",
			"engines": {
				"node": "*"
			}
		},
		"node_modules/colorette": {
			"version": "1.4.0",
			"resolved": "https://registry.nlark.com/colorette/download/colorette-1.4.0.tgz?cache=0&other_urls=https%3A%2F%2Fregistry.nlark.com%2Fcolorette%2Fdownload%2Fcolorette-1.4.0.tgz",
			"integrity": "sha1-UZD7uHJ2JZqGrXAL/yxtb6o/ykA="
		},
		"node_modules/emojis-list": {
			"version": "3.0.0",
			"resolved": "https://registry.nlark.com/emojis-list/download/emojis-list-3.0.0.tgz",
			"integrity": "sha1-VXBmIEatKeLpFucariYKvf9Pang=",
			"engines": {
				"node": ">= 4"
			}
		},
		"node_modules/fs-extra": {
			"version": "10.0.0",
			"resolved": "https://registry.nlark.com/fs-extra/download/fs-extra-10.0.0.tgz",
			"integrity": "sha1-n/YbZV3eU/s0qC34S7IUzoAuF8E=",
			"dependencies": {
				"graceful-fs": "^4.2.0",
				"jsonfile": "^6.0.1",
				"universalify": "^2.0.0"
			},
			"engines": {
				"node": ">=12"
			}
		},
		"node_modules/graceful-fs": {
			"version": "4.2.8",
			"resolved": "https://registry.nlark.com/graceful-fs/download/graceful-fs-4.2.8.tgz",
			"integrity": "sha1-5BK40z9eAGWTy9PO5t+fLOu+gCo="
		},
		"node_modules/json5": {
			"version": "2.2.0",
			"resolved": "https://registry.nlark.com/json5/download/json5-2.2.0.tgz",
			"integrity": "sha1-Lf7+cgxrpSXZ69kJlQ8FFTFsiaM=",
			"dependencies": {
				"minimist": "^1.2.5"
			},
			"bin": {
				"json5": "lib/cli.js"
			},
			"engines": {
				"node": ">=6"
			}
		},
		"node_modules/jsonfile": {
			"version": "6.1.0",
			"resolved": "https://registry.npm.taobao.org/jsonfile/download/jsonfile-6.1.0.tgz?cache=0&sync_timestamp=1604162147908&other_urls=https%3A%2F%2Fregistry.npm.taobao.org%2Fjsonfile%2Fdownload%2Fjsonfile-6.1.0.tgz",
			"integrity": "sha1-vFWyY0eTxnnsZAMJTrE2mKbsCq4=",
			"dependencies": {
				"universalify": "^2.0.0"
			},
			"optionalDependencies": {
				"graceful-fs": "^4.1.6"
			}
		},
		"node_modules/loader-utils": {
			"version": "2.0.0",
			"resolved": "https://registry.nlark.com/loader-utils/download/loader-utils-2.0.0.tgz",
			"integrity": "sha1-5MrOW4FtQloWa18JfhDNErNgZLA=",
			"dependencies": {
				"big.js": "^5.2.2",
				"emojis-list": "^3.0.0",
				"json5": "^2.1.2"
			},
			"engines": {
				"node": ">=8.9.0"
			}
		},
		"node_modules/minimist": {
			"version": "1.2.5",
			"resolved": "https://registry.nlark.com/minimist/download/minimist-1.2.5.tgz",
			"integrity": "sha1-Z9ZgFLZqaoqqDAg8X9WN9OTpdgI="
		},
		"node_modules/nanoid": {
			"version": "3.1.25",
			"resolved": "https://registry.nlark.com/nanoid/download/nanoid-3.1.25.tgz?cache=0&sync_timestamp=1628771965808&other_urls=https%3A%2F%2Fregistry.nlark.com%2Fnanoid%2Fdownload%2Fnanoid-3.1.25.tgz",
			"integrity": "sha1-CcoydHwOVD8OGBS303k0d/nI4VI=",
			"bin": {
				"nanoid": "bin/nanoid.cjs"
			},
			"engines": {
				"node": "^10 || ^12 || ^13.7 || ^14 || >=15.0.1"
			}
		},
		"node_modules/postcss": {
			"version": "8.3.6",
			"resolved": "https://registry.nlark.com/postcss/download/postcss-8.3.6.tgz?cache=0&sync_timestamp=1626883239868&other_urls=https%3A%2F%2Fregistry.nlark.com%2Fpostcss%2Fdownload%2Fpostcss-8.3.6.tgz",
			"integrity": "sha1-JzDddql5afN/U7mmCWGXvjEcxOo=",
			"dependencies": {
				"colorette": "^1.2.2",
				"nanoid": "^3.1.23",
				"source-map-js": "^0.6.2"
			},
			"engines": {
				"node": "^10 || ^12 || >=14"
			}
		},
		"node_modules/source-map-js": {
			"version": "0.6.2",
			"resolved": "https://registry.nlark.com/source-map-js/download/source-map-js-0.6.2.tgz",
			"integrity": "sha1-C7XeYxtBz72mz7qL0FqA79/SOF4=",
			"engines": {
				"node": ">=0.10.0"
			}
		},
		"node_modules/universalify": {
			"version": "2.0.0",
			"resolved": "https://registry.npm.taobao.org/universalify/download/universalify-2.0.0.tgz?cache=0&sync_timestamp=1603179971960&other_urls=https%3A%2F%2Fregistry.npm.taobao.org%2Funiversalify%2Fdownload%2Funiversalify-2.0.0.tgz",
			"integrity": "sha1-daSYTv7cSwiXXFrrc/Uw0C3yVxc=",
			"engines": {
				"node": ">= 10.0.0"
			}
		}
	},
	"dependencies": {
		"big.js": {
			"version": "5.2.2",
			"resolved": "https://registry.nlark.com/big.js/download/big.js-5.2.2.tgz",
			"integrity": "sha1-ZfCvOC9Xi83HQr2cKB6cstd2gyg="
		},
		"colorette": {
			"version": "1.4.0",
			"resolved": "https://registry.nlark.com/colorette/download/colorette-1.4.0.tgz?cache=0&other_urls=https%3A%2F%2Fregistry.nlark.com%2Fcolorette%2Fdownload%2Fcolorette-1.4.0.tgz",
			"integrity": "sha1-UZD7uHJ2JZqGrXAL/yxtb6o/ykA="
		},
		"emojis-list": {
			"version": "3.0.0",
			"resolved": "https://registry.nlark.com/emojis-list/download/emojis-list-3.0.0.tgz",
			"integrity": "sha1-VXBmIEatKeLpFucariYKvf9Pang="
		},
		"fs-extra": {
			"version": "10.0.0",
			"resolved": "https://registry.nlark.com/fs-extra/download/fs-extra-10.0.0.tgz",
			"integrity": "sha1-n/YbZV3eU/s0qC34S7IUzoAuF8E=",
			"requires": {
				"graceful-fs": "^4.2.0",
				"jsonfile": "^6.0.1",
				"universalify": "^2.0.0"
			}
		},
		"graceful-fs": {
			"version": "4.2.8",
			"resolved": "https://registry.nlark.com/graceful-fs/download/graceful-fs-4.2.8.tgz",
			"integrity": "sha1-5BK40z9eAGWTy9PO5t+fLOu+gCo="
		},
		"json5": {
			"version": "2.2.0",
			"resolved": "https://registry.nlark.com/json5/download/json5-2.2.0.tgz",
			"integrity": "sha1-Lf7+cgxrpSXZ69kJlQ8FFTFsiaM=",
			"requires": {
				"minimist": "^1.2.5"
			}
		},
		"jsonfile": {
			"version": "6.1.0",
			"resolved": "https://registry.npm.taobao.org/jsonfile/download/jsonfile-6.1.0.tgz?cache=0&sync_timestamp=1604162147908&other_urls=https%3A%2F%2Fregistry.npm.taobao.org%2Fjsonfile%2Fdownload%2Fjsonfile-6.1.0.tgz",
			"integrity": "sha1-vFWyY0eTxnnsZAMJTrE2mKbsCq4=",
			"requires": {
				"graceful-fs": "^4.1.6",
				"universalify": "^2.0.0"
			}
		},
		"loader-utils": {
			"version": "2.0.0",
			"resolved": "https://registry.nlark.com/loader-utils/download/loader-utils-2.0.0.tgz",
			"integrity": "sha1-5MrOW4FtQloWa18JfhDNErNgZLA=",
			"requires": {
				"big.js": "^5.2.2",
				"emojis-list": "^3.0.0",
				"json5": "^2.1.2"
			}
		},
		"minimist": {
			"version": "1.2.5",
			"resolved": "https://registry.nlark.com/minimist/download/minimist-1.2.5.tgz",
			"integrity": "sha1-Z9ZgFLZqaoqqDAg8X9WN9OTpdgI="
		},
		"nanoid": {
			"version": "3.1.25",
			"resolved": "https://registry.nlark.com/nanoid/download/nanoid-3.1.25.tgz?cache=0&sync_timestamp=1628771965808&other_urls=https%3A%2F%2Fregistry.nlark.com%2Fnanoid%2Fdownload%2Fnanoid-3.1.25.tgz",
			"integrity": "sha1-CcoydHwOVD8OGBS303k0d/nI4VI="
		},
		"postcss": {
			"version": "8.3.6",
			"resolved": "https://registry.nlark.com/postcss/download/postcss-8.3.6.tgz?cache=0&sync_timestamp=1626883239868&other_urls=https%3A%2F%2Fregistry.nlark.com%2Fpostcss%2Fdownload%2Fpostcss-8.3.6.tgz",
			"integrity": "sha1-JzDddql5afN/U7mmCWGXvjEcxOo=",
			"requires": {
				"colorette": "^1.2.2",
				"nanoid": "^3.1.23",
				"source-map-js": "^0.6.2"
			}
		},
		"source-map-js": {
			"version": "0.6.2",
			"resolved": "https://registry.nlark.com/source-map-js/download/source-map-js-0.6.2.tgz",
			"integrity": "sha1-C7XeYxtBz72mz7qL0FqA79/SOF4="
		},
		"universalify": {
			"version": "2.0.0",
			"resolved": "https://registry.npm.taobao.org/universalify/download/universalify-2.0.0.tgz?cache=0&sync_timestamp=1603179971960&other_urls=https%3A%2F%2Fregistry.npm.taobao.org%2Funiversalify%2Fdownload%2Funiversalify-2.0.0.tgz",
			"integrity": "sha1-daSYTv7cSwiXXFrrc/Uw0C3yVxc="
		}
	}
}
